
Microsoft Visual Studio Solution File, Format Version 12.00
# Visual Studio Version 17
VisualStudioVersion = 17.5.002.0
MinimumVisualStudioVersion = 10.0.40219.1
Project("{2150E333-8FDC-42A3-9474-1A3956D46DE8}") = "Labfiles", "Labfiles", "{89CD586A-20BA-448A-B22F-F6128E1AA713}"
EndProject
Project("{2150E333-8FDC-42A3-9474-1A3956D46DE8}") = "02-azure-openai-api", "02-azure-openai-api", "{CC4AE86A-F0C9-4356-864A-E5CA7B8F9957}"
EndProject
Project("{9A19103F-16F7-4668-BE54-9A1E7A4F7556}") = "CSharp", "Labfiles\02-azure-openai-api\CSharp\CSharp.csproj", "{E4907578-F59B-45F0-A0BF-0223CB41A5E0}"
EndProject
Project("{2150E333-8FDC-42A3-9474-1A3956D46DE8}") = "03-prompt-engineering", "03-prompt-engineering", "{0A746AC5-FB36-4D1A-A835-7BD51210D3D3}"
EndProject
Project("{9A19103F-16F7-4668-BE54-9A1E7A4F7556}") = "CSharp", "Labfiles\03-prompt-engineering\CSharp\CSharp.csproj", "{5D7A629F-54A3-434D-8EB5-819815271628}"
EndProject
Project("{2150E333-8FDC-42A3-9474-1A3956D46DE8}") = "04-code-generation", "04-code-generation", "{8D5DD4C3-DBFD-42C8-9D89-798402352D15}"
EndProject
Project("{9A19103F-16F7-4668-BE54-9A1E7A4F7556}") = "CSharp", "Labfiles\04-code-generation\CSharp\CSharp.csproj", "{43F0ABF4-5CFE-4191-93B3-DF963EA27423}"
EndProject
Project("{2150E333-8FDC-42A3-9474-1A3956D46DE8}") = "05-image-generation", "05-image-generation", "{2366C155-111A-4CCA-9B99-D6A9EF709737}"
EndProject
Project("{9A19103F-16F7-4668-BE54-9A1E7A4F7556}") = "generate_image", "Labfiles\05-image-generation\CSharp\generate_image.csproj", "{D337090C-2A04-4487-BBC6-A91B0E35ADF1}"
EndProject
Project("{2150E333-8FDC-42A3-9474-1A3956D46DE8}") = "06-use-own-data", "06-use-own-data", "{FC07A047-6373-4719-B47E-D3EC8FAFCD1C}"
EndProject
Project("{9A19103F-16F7-4668-BE54-9A1E7A4F7556}") = "CSharp", "Labfiles\06-use-own-data\CSharp\CSharp.csproj", "{CF14DA55-7462-4B4F-815A-A6EC0B8D8E2A}"
EndProject
Project("{2150E333-8FDC-42A3-9474-1A3956D46DE8}") = "sample-code", "sample-code", "{266854A9-3DD2-43A5-A929-C74E99E41C7E}"
EndProject
Project("{9A19103F-16F7-4668-BE54-9A1E7A4F7556}") = "CSharp", "Labfiles\04-code-generation\sample-code\go-fish\CSharp.csproj", "{593FB5B0-879E-4962-B856-2004D0CBE7AD}"
EndProject
Global
	GlobalSection(SolutionConfigurationPlatforms) = preSolution
		Debug|Any CPU = Debug|Any CPU
		Release|Any CPU = Release|Any CPU
	EndGlobalSection
	GlobalSection(ProjectConfigurationPlatforms) = postSolution
		{E4907578-F59B-45F0-A0BF-0223CB41A5E0}.Debug|Any CPU.ActiveCfg = Debug|Any CPU
		{E4907578-F59B-45F0-A0BF-0223CB41A5E0}.Debug|Any CPU.Build.0 = Debug|Any CPU
		{E4907578-F59B-45F0-A0BF-0223CB41A5E0}.Release|Any CPU.ActiveCfg = Release|Any CPU
		{E4907578-F59B-45F0-A0BF-0223CB41A5E0}.Release|Any CPU.Build.0 = Release|Any CPU
		{5D7A629F-54A3-434D-8EB5-819815271628}.Debug|Any CPU.ActiveCfg = Debug|Any CPU
		{5D7A629F-54A3-434D-8EB5-819815271628}.Debug|Any CPU.Build.0 = Debug|Any CPU
		{5D7A629F-54A3-434D-8EB5-819815271628}.Release|Any CPU.ActiveCfg = Release|Any CPU
		{5D7A629F-54A3-434D-8EB5-819815271628}.Release|Any CPU.Build.0 = Release|Any CPU
		{43F0ABF4-5CFE-4191-93B3-DF963EA27423}.Debug|Any CPU.ActiveCfg = Debug|Any CPU
		{43F0ABF4-5CFE-4191-93B3-DF963EA27423}.Debug|Any CPU.Build.0 = Debug|Any CPU
		{43F0ABF4-5CFE-4191-93B3-DF963EA27423}.Release|Any CPU.ActiveCfg = Release|Any CPU
		{43F0ABF4-5CFE-4191-93B3-DF963EA27423}.Release|Any CPU.Build.0 = Release|Any CPU
		{D337090C-2A04-4487-BBC6-A91B0E35ADF1}.Debug|Any CPU.ActiveCfg = Debug|Any CPU
		{D337090C-2A04-4487-BBC6-A91B0E35ADF1}.Debug|Any CPU.Build.0 = Debug|Any CPU
		{D337090C-2A04-4487-BBC6-A91B0E35ADF1}.Release|Any CPU.ActiveCfg = Release|Any CPU
		{D337090C-2A04-4487-BBC6-A91B0E35ADF1}.Release|Any CPU.Build.0 = Release|Any CPU
		{CF14DA55-7462-4B4F-815A-A6EC0B8D8E2A}.Debug|Any CPU.ActiveCfg = Debug|Any CPU
		{CF14DA55-7462-4B4F-815A-A6EC0B8D8E2A}.Debug|Any CPU.Build.0 = Debug|Any CPU
		{CF14DA55-7462-4B4F-815A-A6EC0B8D8E2A}.Release|Any CPU.ActiveCfg = Release|Any CPU
		{CF14DA55-7462-4B4F-815A-A6EC0B8D8E2A}.Release|Any CPU.Build.0 = Release|Any CPU
		{593FB5B0-879E-4962-B856-2004D0CBE7AD}.Debug|Any CPU.ActiveCfg = Debug|Any CPU
		{593FB5B0-879E-4962-B856-2004D0CBE7AD}.Debug|Any CPU.Build.0 = Debug|Any CPU
		{593FB5B0-879E-4962-B856-2004D0CBE7AD}.Release|Any CPU.ActiveCfg = Release|Any CPU
		{593FB5B0-879E-4962-B856-2004D0CBE7AD}.Release|Any CPU.Build.0 = Release|Any CPU
	EndGlobalSection
	GlobalSection(SolutionProperties) = preSolution
		HideSolutionNode = FALSE
	EndGlobalSection
	GlobalSection(NestedProjects) = preSolution
		{CC4AE86A-F0C9-4356-864A-E5CA7B8F9957} = {89CD586A-20BA-448A-B22F-F6128E1AA713}
		{E4907578-F59B-45F0-A0BF-0223CB41A5E0} = {CC4AE86A-F0C9-4356-864A-E5CA7B8F9957}
		{0A746AC5-FB36-4D1A-A835-7BD51210D3D3} = {89CD586A-20BA-448A-B22F-F6128E1AA713}
		{5D7A629F-54A3-434D-8EB5-819815271628} = {0A746AC5-FB36-4D1A-A835-7BD51210D3D3}
		{8D5DD4C3-DBFD-42C8-9D89-798402352D15} = {89CD586A-20BA-448A-B22F-F6128E1AA713}
		{43F0ABF4-5CFE-4191-93B3-DF963EA27423} = {8D5DD4C3-DBFD-42C8-9D89-798402352D15}
		{2366C155-111A-4CCA-9B99-D6A9EF709737} = {89CD586A-20BA-448A-B22F-F6128E1AA713}
		{D337090C-2A04-4487-BBC6-A91B0E35ADF1} = {2366C155-111A-4CCA-9B99-D6A9EF709737}
		{FC07A047-6373-4719-B47E-D3EC8FAFCD1C} = {89CD586A-20BA-448A-B22F-F6128E1AA713}
		{CF14DA55-7462-4B4F-815A-A6EC0B8D8E2A} = {FC07A047-6373-4719-B47E-D3EC8FAFCD1C}
		{266854A9-3DD2-43A5-A929-C74E99E41C7E} = {8D5DD4C3-DBFD-42C8-9D89-798402352D15}
		{593FB5B0-879E-4962-B856-2004D0CBE7AD} = {266854A9-3DD2-43A5-A929-C74E99E41C7E}
	EndGlobalSection
	GlobalSection(ExtensibilityGlobals) = postSolution
		SolutionGuid = {86ABE045-A281-4D38-B59B-7C2ED6A0AC42}
	EndGlobalSection
EndGlobal
